// !$*UTF8*$!
{
	archiveVersion = 1;
	classes = {
	};
	objectVersion = 46;
	objects = {

/* Begin PBXBuildFile section */
		7DEE8FED17D7E574003F5331 /* Foundation.framework in Frameworks */ = {isa = PBXBuildFile; fileRef = 7DEE8FEC17D7E574003F5331 /* Foundation.framework */; };
		7DEE8FEF17D7E574003F5331 /* CoreGraphics.framework in Frameworks */ = {isa = PBXBuildFile; fileRef = 7DEE8FEE17D7E574003F5331 /* CoreGraphics.framework */; };
		7DEE8FF117D7E574003F5331 /* UIKit.framework in Frameworks */ = {isa = PBXBuildFile; fileRef = 7DEE8FF017D7E574003F5331 /* UIKit.framework */; };
		7DEE8FF717D7E575003F5331 /* InfoPlist.strings in Resources */ = {isa = PBXBuildFile; fileRef = 7DEE8FF517D7E575003F5331 /* InfoPlist.strings */; };
		7DEE8FF917D7E575003F5331 /* main.m in Sources */ = {isa = PBXBuildFile; fileRef = 7DEE8FF817D7E575003F5331 /* main.m */; };
		7DEE8FFD17D7E576003F5331 /* LCAppDelegate.m in Sources */ = {isa = PBXBuildFile; fileRef = 7DEE8FFC17D7E576003F5331 /* LCAppDelegate.m */; };
		7DEE900317D7E576003F5331 /* LCViewController.m in Sources */ = {isa = PBXBuildFile; fileRef = 7DEE900217D7E576003F5331 /* LCViewController.m */; };
		7DEE900517D7E577003F5331 /* Images.xcassets in Resources */ = {isa = PBXBuildFile; fileRef = 7DEE900417D7E577003F5331 /* Images.xcassets */; };
		7DEE900C17D7E577003F5331 /* XCTest.framework in Frameworks */ = {isa = PBXBuildFile; fileRef = 7DEE900B17D7E577003F5331 /* XCTest.framework */; };
		7DEE900D17D7E577003F5331 /* Foundation.framework in Frameworks */ = {isa = PBXBuildFile; fileRef = 7DEE8FEC17D7E574003F5331 /* Foundation.framework */; };
		7DEE900E17D7E577003F5331 /* UIKit.framework in Frameworks */ = {isa = PBXBuildFile; fileRef = 7DEE8FF017D7E574003F5331 /* UIKit.framework */; };
		7DEE901617D7E577003F5331 /* InfoPlist.strings in Resources */ = {isa = PBXBuildFile; fileRef = 7DEE901417D7E577003F5331 /* InfoPlist.strings */; };
		7DEE901817D7E577003F5331 /* LifeCounterTests.m in Sources */ = {isa = PBXBuildFile; fileRef = 7DEE901717D7E577003F5331 /* LifeCounterTests.m */; };
		7DEE902A17D8DD37003F5331 /* LCWidgetViewController.m in Sources */ = {isa = PBXBuildFile; fileRef = 7DEE902817D8DD37003F5331 /* LCWidgetViewController.m */; };
		7DEE902B17D8DD37003F5331 /* LCWidgetView.xib in Resources */ = {isa = PBXBuildFile; fileRef = 7DEE902917D8DD37003F5331 /* LCWidgetView.xib */; };
/* End PBXBuildFile section */

/* Begin PBXContainerItemProxy section */
		7DEE900F17D7E577003F5331 /* PBXContainerItemProxy */ = {
			isa = PBXContainerItemProxy;
			containerPortal = 7DEE8FE117D7E574003F5331 /* Project object */;
			proxyType = 1;
			remoteGlobalIDString = 7DEE8FE817D7E574003F5331;
			remoteInfo = LifeCounter;
		};
/* End PBXContainerItemProxy section */

/* Begin PBXFileReference section */
		7DEE8FE917D7E574003F5331 /* 20/20 counter.app */ = {isa = PBXFileReference; explicitFileType = wrapper.application; includeInIndex = 0; path = "20/20 counter.app"; sourceTree = BUILT_PRODUCTS_DIR; };
		7DEE8FEC17D7E574003F5331 /* Foundation.framework */ = {isa = PBXFileReference; lastKnownFileType = wrapper.framework; name = Foundation.framework; path = System/Library/Frameworks/Foundation.framework; sourceTree = SDKROOT; };
		7DEE8FEE17D7E574003F5331 /* CoreGraphics.framework */ = {isa = PBXFileReference; lastKnownFileType = wrapper.framework; name = CoreGraphics.framework; path = System/Library/Frameworks/CoreGraphics.framework; sourceTree = SDKROOT; };
		7DEE8FF017D7E574003F5331 /* UIKit.framework */ = {isa = PBXFileReference; lastKnownFileType = wrapper.framework; name = UIKit.framework; path = System/Library/Frameworks/UIKit.framework; sourceTree = SDKROOT; };
		7DEE8FF417D7E575003F5331 /* LifeCounter-Info.plist */ = {isa = PBXFileReference; lastKnownFileType = text.plist.xml; path = "LifeCounter-Info.plist"; sourceTree = "<group>"; };
		7DEE8FF617D7E575003F5331 /* en */ = {isa = PBXFileReference; lastKnownFileType = text.plist.strings; name = en; path = en.lproj/InfoPlist.strings; sourceTree = "<group>"; };
		7DEE8FF817D7E575003F5331 /* main.m */ = {isa = PBXFileReference; lastKnownFileType = sourcecode.c.objc; path = main.m; sourceTree = "<group>"; };
		7DEE8FFA17D7E575003F5331 /* LifeCounter-Prefix.pch */ = {isa = PBXFileReference; lastKnownFileType = sourcecode.c.h; path = "LifeCounter-Prefix.pch"; sourceTree = "<group>"; };
		7DEE8FFB17D7E576003F5331 /* LCAppDelegate.h */ = {isa = PBXFileReference; lastKnownFileType = sourcecode.c.h; path = LCAppDelegate.h; sourceTree = "<group>"; };
		7DEE8FFC17D7E576003F5331 /* LCAppDelegate.m */ = {isa = PBXFileReference; lastKnownFileType = sourcecode.c.objc; path = LCAppDelegate.m; sourceTree = "<group>"; };
		7DEE900117D7E576003F5331 /* LCViewController.h */ = {isa = PBXFileReference; lastKnownFileType = sourcecode.c.h; path = LCViewController.h; sourceTree = "<group>"; };
		7DEE900217D7E576003F5331 /* LCViewController.m */ = {isa = PBXFileReference; lastKnownFileType = sourcecode.c.objc; path = LCViewController.m; sourceTree = "<group>"; };
		7DEE900417D7E577003F5331 /* Images.xcassets */ = {isa = PBXFileReference; lastKnownFileType = folder.assetcatalog; path = Images.xcassets; sourceTree = "<group>"; };
		7DEE900A17D7E577003F5331 /* LifeCounterTests.xctest */ = {isa = PBXFileReference; explicitFileType = wrapper.cfbundle; includeInIndex = 0; path = LifeCounterTests.xctest; sourceTree = BUILT_PRODUCTS_DIR; };
		7DEE900B17D7E577003F5331 /* XCTest.framework */ = {isa = PBXFileReference; lastKnownFileType = wrapper.framework; name = XCTest.framework; path = Library/Frameworks/XCTest.framework; sourceTree = DEVELOPER_DIR; };
		7DEE901317D7E577003F5331 /* LifeCounterTests-Info.plist */ = {isa = PBXFileReference; lastKnownFileType = text.plist.xml; path = "LifeCounterTests-Info.plist"; sourceTree = "<group>"; };
		7DEE901517D7E577003F5331 /* en */ = {isa = PBXFileReference; lastKnownFileType = text.plist.strings; name = en; path = en.lproj/InfoPlist.strings; sourceTree = "<group>"; };
		7DEE901717D7E577003F5331 /* LifeCounterTests.m */ = {isa = PBXFileReference; lastKnownFileType = sourcecode.c.objc; path = LifeCounterTests.m; sourceTree = "<group>"; };
		7DEE902717D8DD37003F5331 /* LCWidgetViewController.h */ = {isa = PBXFileReference; fileEncoding = 4; lastKnownFileType = sourcecode.c.h; path = LCWidgetViewController.h; sourceTree = "<group>"; };
		7DEE902817D8DD37003F5331 /* LCWidgetViewController.m */ = {isa = PBXFileReference; fileEncoding = 4; lastKnownFileType = sourcecode.c.objc; path = LCWidgetViewController.m; sourceTree = "<group>"; };
		7DEE902917D8DD37003F5331 /* LCWidgetView.xib */ = {isa = PBXFileReference; fileEncoding = 4; lastKnownFileType = file.xib; path = LCWidgetView.xib; sourceTree = "<group>"; };
/* End PBXFileReference section */

/* Begin PBXFrameworksBuildPhase section */
		7DEE8FE617D7E574003F5331 /* Frameworks */ = {
			isa = PBXFrameworksBuildPhase;
			buildActionMask = 2147483647;
			files = (
				7DEE8FEF17D7E574003F5331 /* CoreGraphics.framework in Frameworks */,
				7DEE8FF117D7E574003F5331 /* UIKit.framework in Frameworks */,
				7DEE8FED17D7E574003F5331 /* Foundation.framework in Frameworks */,
			);
			runOnlyForDeploymentPostprocessing = 0;
		};
		7DEE900717D7E577003F5331 /* Frameworks */ = {
			isa = PBXFrameworksBuildPhase;
			buildActionMask = 2147483647;
			files = (
				7DEE900C17D7E577003F5331 /* XCTest.framework in Frameworks */,
				7DEE900E17D7E577003F5331 /* UIKit.framework in Frameworks */,
				7DEE900D17D7E577003F5331 /* Foundation.framework in Frameworks */,
			);
			runOnlyForDeploymentPostprocessing = 0;
		};
/* End PBXFrameworksBuildPhase section */

/* Begin PBXGroup section */
		7DEE8FE017D7E574003F5331 = {
			isa = PBXGroup;
			children = (
				7DEE8FF217D7E574003F5331 /* LifeCounter */,
				7DEE901117D7E577003F5331 /* LifeCounterTests */,
				7DEE8FEB17D7E574003F5331 /* Frameworks */,
				7DEE8FEA17D7E574003F5331 /* Products */,
			);
			sourceTree = "<group>";
		};
		7DEE8FEA17D7E574003F5331 /* Products */ = {
			isa = PBXGroup;
			children = (
				7DEE8FE917D7E574003F5331 /* 20/20 counter.app */,
				7DEE900A17D7E577003F5331 /* LifeCounterTests.xctest */,
			);
			name = Products;
			sourceTree = "<group>";
		};
		7DEE8FEB17D7E574003F5331 /* Frameworks */ = {
			isa = PBXGroup;
			children = (
				7DEE8FEC17D7E574003F5331 /* Foundation.framework */,
				7DEE8FEE17D7E574003F5331 /* CoreGraphics.framework */,
				7DEE8FF017D7E574003F5331 /* UIKit.framework */,
				7DEE900B17D7E577003F5331 /* XCTest.framework */,
			);
			name = Frameworks;
			sourceTree = "<group>";
		};
		7DEE8FF217D7E574003F5331 /* LifeCounter */ = {
			isa = PBXGroup;
			children = (
				7DEE902317D8DCE3003F5331 /* Counter widget */,
				7DEE8FFB17D7E576003F5331 /* LCAppDelegate.h */,
				7DEE8FFC17D7E576003F5331 /* LCAppDelegate.m */,
				7DEE900117D7E576003F5331 /* LCViewController.h */,
				7DEE900217D7E576003F5331 /* LCViewController.m */,
				7DEE900417D7E577003F5331 /* Images.xcassets */,
				7DEE8FF317D7E575003F5331 /* Supporting Files */,
			);
			path = LifeCounter;
			sourceTree = "<group>";
		};
		7DEE8FF317D7E575003F5331 /* Supporting Files */ = {
			isa = PBXGroup;
			children = (
				7DEE8FF417D7E575003F5331 /* LifeCounter-Info.plist */,
				7DEE8FF517D7E575003F5331 /* InfoPlist.strings */,
				7DEE8FF817D7E575003F5331 /* main.m */,
				7DEE8FFA17D7E575003F5331 /* LifeCounter-Prefix.pch */,
			);
			name = "Supporting Files";
			sourceTree = "<group>";
		};
		7DEE901117D7E577003F5331 /* LifeCounterTests */ = {
			isa = PBXGroup;
			children = (
				7DEE901717D7E577003F5331 /* LifeCounterTests.m */,
				7DEE901217D7E577003F5331 /* Supporting Files */,
			);
			path = LifeCounterTests;
			sourceTree = "<group>";
		};
		7DEE901217D7E577003F5331 /* Supporting Files */ = {
			isa = PBXGroup;
			children = (
				7DEE901317D7E577003F5331 /* LifeCounterTests-Info.plist */,
				7DEE901417D7E577003F5331 /* InfoPlist.strings */,
			);
			name = "Supporting Files";
			sourceTree = "<group>";
		};
		7DEE902317D8DCE3003F5331 /* Counter widget */ = {
			isa = PBXGroup;
			children = (
				7DEE902717D8DD37003F5331 /* LCWidgetViewController.h */,
				7DEE902817D8DD37003F5331 /* LCWidgetViewController.m */,
				7DEE902917D8DD37003F5331 /* LCWidgetView.xib */,
			);
			name = "Counter widget";
			sourceTree = "<group>";
		};
/* End PBXGroup section */

/* Begin PBXNativeTarget section */
		7DEE8FE817D7E574003F5331 /* LifeCounter */ = {
			isa = PBXNativeTarget;
			buildConfigurationList = 7DEE901B17D7E577003F5331 /* Build configuration list for PBXNativeTarget "LifeCounter" */;
			buildPhases = (
				7DEE8FE517D7E574003F5331 /* Sources */,
				7DEE8FE617D7E574003F5331 /* Frameworks */,
				7DEE8FE717D7E574003F5331 /* Resources */,
			);
			buildRules = (
			);
			dependencies = (
			);
			name = LifeCounter;
			productName = LifeCounter;
			productReference = 7DEE8FE917D7E574003F5331 /* 20/20 counter.app */;
			productType = "com.apple.product-type.application";
		};
		7DEE900917D7E577003F5331 /* LifeCounterTests */ = {
			isa = PBXNativeTarget;
			buildConfigurationList = 7DEE901E17D7E577003F5331 /* Build configuration list for PBXNativeTarget "LifeCounterTests" */;
			buildPhases = (
				7DEE900617D7E577003F5331 /* Sources */,
				7DEE900717D7E577003F5331 /* Frameworks */,
				7DEE900817D7E577003F5331 /* Resources */,
			);
			buildRules = (
			);
			dependencies = (
				7DEE901017D7E577003F5331 /* PBXTargetDependency */,
			);
			name = LifeCounterTests;
			productName = LifeCounterTests;
			productReference = 7DEE900A17D7E577003F5331 /* LifeCounterTests.xctest */;
			productType = "com.apple.product-type.bundle.unit-test";
		};
/* End PBXNativeTarget section */

/* Begin PBXProject section */
		7DEE8FE117D7E574003F5331 /* Project object */ = {
			isa = PBXProject;
			attributes = {
				CLASSPREFIX = LC;
				LastUpgradeCheck = 0500;
				ORGANIZATIONNAME = "Wylie Conlon";
				TargetAttributes = {
					7DEE8FE817D7E574003F5331 = {
						DevelopmentTeam = 9273ANY8L2;
					};
					7DEE900917D7E577003F5331 = {
						TestTargetID = 7DEE8FE817D7E574003F5331;
					};
				};
			};
			buildConfigurationList = 7DEE8FE417D7E574003F5331 /* Build configuration list for PBXProject "20 life" */;
			compatibilityVersion = "Xcode 3.2";
			developmentRegion = English;
			hasScannedForEncodings = 0;
			knownRegions = (
				en,
				Base,
			);
			mainGroup = 7DEE8FE017D7E574003F5331;
			productRefGroup = 7DEE8FEA17D7E574003F5331 /* Products */;
			projectDirPath = "";
			projectRoot = "";
			targets = (
				7DEE8FE817D7E574003F5331 /* LifeCounter */,
				7DEE900917D7E577003F5331 /* LifeCounterTests */,
			);
		};
/* End PBXProject section */

/* Begin PBXResourcesBuildPhase section */
		7DEE8FE717D7E574003F5331 /* Resources */ = {
			isa = PBXResourcesBuildPhase;
			buildActionMask = 2147483647;
			files = (
				7DEE900517D7E577003F5331 /* Images.xcassets in Resources */,
				7DEE902B17D8DD37003F5331 /* LCWidgetView.xib in Resources */,
				7DEE8FF717D7E575003F5331 /* InfoPlist.strings in Resources */,
			);
			runOnlyForDeploymentPostprocessing = 0;
		};
		7DEE900817D7E577003F5331 /* Resources */ = {
			isa = PBXResourcesBuildPhase;
			buildActionMask = 2147483647;
			files = (
				7DEE901617D7E577003F5331 /* InfoPlist.strings in Resources */,
			);
			runOnlyForDeploymentPostprocessing = 0;
		};
/* End PBXResourcesBuildPhase section */

/* Begin PBXSourcesBuildPhase section */
		7DEE8FE517D7E574003F5331 /* Sources */ = {
			isa = PBXSourcesBuildPhase;
			buildActionMask = 2147483647;
			files = (
				7DEE8FF917D7E575003F5331 /* main.m in Sources */,
				7DEE902A17D8DD37003F5331 /* LCWidgetViewController.m in Sources */,
				7DEE8FFD17D7E576003F5331 /* LCAppDelegate.m in Sources */,
				7DEE900317D7E576003F5331 /* LCViewController.m in Sources */,
			);
			runOnlyForDeploymentPostprocessing = 0;
		};
		7DEE900617D7E577003F5331 /* Sources */ = {
			isa = PBXSourcesBuildPhase;
			buildActionMask = 2147483647;
			files = (
				7DEE901817D7E577003F5331 /* LifeCounterTests.m in Sources */,
			);
			runOnlyForDeploymentPostprocessing = 0;
		};
/* End PBXSourcesBuildPhase section */

/* Begin PBXTargetDependency section */
		7DEE901017D7E577003F5331 /* PBXTargetDependency */ = {
			isa = PBXTargetDependency;
			target = 7DEE8FE817D7E574003F5331 /* LifeCounter */;
			targetProxy = 7DEE900F17D7E577003F5331 /* PBXContainerItemProxy */;
		};
/* End PBXTargetDependency section */

/* Begin PBXVariantGroup section */
		7DEE8FF517D7E575003F5331 /* InfoPlist.strings */ = {
			isa = PBXVariantGroup;
			children = (
				7DEE8FF617D7E575003F5331 /* en */,
			);
			name = InfoPlist.strings;
			sourceTree = "<group>";
		};
		7DEE901417D7E577003F5331 /* InfoPlist.strings */ = {
			isa = PBXVariantGroup;
			children = (
				7DEE901517D7E577003F5331 /* en */,
			);
			name = InfoPlist.strings;
			sourceTree = "<group>";
		};
/* End PBXVariantGroup section */

/* Begin XCBuildConfiguration section */
		7DEE901917D7E577003F5331 /* Debug */ = {
			isa = XCBuildConfiguration;
			buildSettings = {
				ALWAYS_SEARCH_USER_PATHS = NO;
				CLANG_CXX_LANGUAGE_STANDARD = "gnu++0x";
				CLANG_CXX_LIBRARY = "libc++";
				CLANG_ENABLE_MODULES = YES;
				CLANG_ENABLE_OBJC_ARC = YES;
				CLANG_WARN_BOOL_CONVERSION = YES;
				CLANG_WARN_CONSTANT_CONVERSION = YES;
				CLANG_WARN_DIRECT_OBJC_ISA_USAGE = YES_ERROR;
				CLANG_WARN_EMPTY_BODY = YES;
				CLANG_WARN_ENUM_CONVERSION = YES;
				CLANG_WARN_INT_CONVERSION = YES;
				CLANG_WARN_OBJC_ROOT_CLASS = YES_ERROR;
				CLANG_WARN__DUPLICATE_METHOD_MATCH = YES;
				"CODE_SIGN_IDENTITY[sdk=iphoneos*]" = "iPhone Developer";
				COPY_PHASE_STRIP = NO;
				GCC_C_LANGUAGE_STANDARD = gnu99;
				GCC_DYNAMIC_NO_PIC = NO;
				GCC_OPTIMIZATION_LEVEL = 0;
				GCC_PREPROCESSOR_DEFINITIONS = (
					"DEBUG=1",
					"$(inherited)",
				);
				GCC_SYMBOLS_PRIVATE_EXTERN = NO;
				GCC_WARN_ABOUT_RETURN_TYPE = YES_ERROR;
				GCC_WARN_UNDECLARED_SELECTOR = YES;
				GCC_WARN_UNINITIALIZED_AUTOS = YES;
				GCC_WARN_UNUSED_FUNCTION = YES;
				GCC_WARN_UNUSED_VARIABLE = YES;
				IPHONEOS_DEPLOYMENT_TARGET = 7.0;
				ONLY_ACTIVE_ARCH = YES;
				SDKROOT = iphoneos;
			};
			name = Debug;
		};
		7DEE901A17D7E577003F5331 /* Release */ = {
			isa = XCBuildConfiguration;
			buildSettings = {
				ALWAYS_SEARCH_USER_PATHS = NO;
				CLANG_CXX_LANGUAGE_STANDARD = "gnu++0x";
				CLANG_CXX_LIBRARY = "libc++";
				CLANG_ENABLE_MODULES = YES;
				CLANG_ENABLE_OBJC_ARC = YES;
				CLANG_WARN_BOOL_CONVERSION = YES;
				CLANG_WARN_CONSTANT_CONVERSION = YES;
				CLANG_WARN_DIRECT_OBJC_ISA_USAGE = YES_ERROR;
				CLANG_WARN_EMPTY_BODY = YES;
				CLANG_WARN_ENUM_CONVERSION = YES;
				CLANG_WARN_INT_CONVERSION = YES;
				CLANG_WARN_OBJC_ROOT_CLASS = YES_ERROR;
				CLANG_WARN__DUPLICATE_METHOD_MATCH = YES;
				"CODE_SIGN_IDENTITY[sdk=iphoneos*]" = "iPhone Developer";
				COPY_PHASE_STRIP = YES;
				ENABLE_NS_ASSERTIONS = NO;
				GCC_C_LANGUAGE_STANDARD = gnu99;
				GCC_WARN_ABOUT_RETURN_TYPE = YES_ERROR;
				GCC_WARN_UNDECLARED_SELECTOR = YES;
				GCC_WARN_UNINITIALIZED_AUTOS = YES;
				GCC_WARN_UNUSED_FUNCTION = YES;
				GCC_WARN_UNUSED_VARIABLE = YES;
				IPHONEOS_DEPLOYMENT_TARGET = 7.0;
				SDKROOT = iphoneos;
				VALIDATE_PRODUCT = YES;
			};
			name = Release;
		};
		7DEE901C17D7E577003F5331 /* Debug */ = {
			isa = XCBuildConfiguration;
			buildSettings = {
				ASSETCATALOG_COMPILER_APPICON_NAME = AppIcon;
				ASSETCATALOG_COMPILER_LAUNCHIMAGE_NAME = LaunchImage;
				CODE_SIGN_IDENTITY = "iPhone Developer";
				GCC_PRECOMPILE_PREFIX_HEADER = YES;
				GCC_PREFIX_HEADER = "LifeCounter/LifeCounter-Prefix.pch";
				INFOPLIST_FILE = "LifeCounter/LifeCounter-Info.plist";
				PRODUCT_NAME = "20/20 counter";
				WRAPPER_EXTENSION = app;
			};
			name = Debug;
		};
		7DEE901D17D7E577003F5331 /* Release */ = {
			isa = XCBuildConfiguration;
			buildSettings = {
				ASSETCATALOG_COMPILER_APPICON_NAME = AppIcon;
				ASSETCATALOG_COMPILER_LAUNCHIMAGE_NAME = LaunchImage;
				CODE_SIGN_IDENTITY = "iPhone Developer";
				GCC_PRECOMPILE_PREFIX_HEADER = YES;
				GCC_PREFIX_HEADER = "LifeCounter/LifeCounter-Prefix.pch";
				INFOPLIST_FILE = "LifeCounter/LifeCounter-Info.plist";
				PRODUCT_NAME = "20/20 counter";
				WRAPPER_EXTENSION = app;
			};
			name = Release;
		};
		7DEE901F17D7E577003F5331 /* Debug */ = {
			isa = XCBuildConfiguration;
			buildSettings = {
				BUNDLE_LOADER = "$(BUILT_PRODUCTS_DIR)/LifeCounter.app/LifeCounter";
				FRAMEWORK_SEARCH_PATHS = (
					"$(SDKROOT)/Developer/Library/Frameworks",
					"$(inherited)",
					"$(DEVELOPER_FRAMEWORKS_DIR)",
				);
				GCC_PRECOMPILE_PREFIX_HEADER = YES;
				GCC_PREFIX_HEADER = "LifeCounter/LifeCounter-Prefix.pch";
				GCC_PREPROCESSOR_DEFINITIONS = (
					"DEBUG=1",
					"$(inherited)",
				);
				INFOPLIST_FILE = "LifeCounterTests/LifeCounterTests-Info.plist";
				PRODUCT_NAME = "$(TARGET_NAME)";
				TEST_HOST = "$(BUNDLE_LOADER)";
				WRAPPER_EXTENSION = xctest;
			};
			name = Debug;
		};
		7DEE902017D7E577003F5331 /* Release */ = {
			isa = XCBuildConfiguration;
			buildSettings = {
				BUNDLE_LOADER = "$(BUILT_PRODUCTS_DIR)/LifeCounter.app/LifeCounter";
				FRAMEWORK_SEARCH_PATHS = (
					"$(SDKROOT)/Developer/Library/Frameworks",
					"$(inherited)",
					"$(DEVELOPER_FRAMEWORKS_DIR)",
				);
				GCC_PRECOMPILE_PREFIX_HEADER = YES;
				GCC_PREFIX_HEADER = "LifeCounter/LifeCounter-Prefix.pch";
				INFOPLIST_FILE = "LifeCounterTests/LifeCounterTests-Info.plist";
				PRODUCT_NAME = "$(TARGET_NAME)";
				TEST_HOST = "$(BUNDLE_LOADER)";
				WRAPPER_EXTENSION = xctest;
			};
			name = Release;
		};
/* End XCBuildConfiguration section */

/* Begin XCConfigurationList section */
		7DEE8FE417D7E574003F5331 /* Build configuration list for PBXProject "20 life" */ = {
			isa = XCConfigurationList;
			buildConfigurations = (
				7DEE901917D7E577003F5331 /* Debug */,
				7DEE901A17D7E577003F5331 /* Release */,
			);
			defaultConfigurationIsVisible = 0;
			defaultConfigurationName = Release;
		};
		7DEE901B17D7E577003F5331 /* Build configuration list for PBXNativeTarget "LifeCounter" */ = {
			isa = XCConfigurationList;
			buildConfigurations = (
				7DEE901C17D7E577003F5331 /* Debug */,
				7DEE901D17D7E577003F5331 /* Release */,
			);
			defaultConfigurationIsVisible = 0;
			defaultConfigurationName = Release;
		};
		7DEE901E17D7E577003F5331 /* Build configuration list for PBXNativeTarget "LifeCounterTests" */ = {
			isa = XCConfigurationList;
			buildConfigurations = (
				7DEE901F17D7E577003F5331 /* Debug */,
				7DEE902017D7E577003F5331 /* Release */,
			);
			defaultConfigurationIsVisible = 0;
			defaultConfigurationName = Release;
		};
/* End XCConfigurationList section */
	};
	rootObject = 7DEE8FE117D7E574003F5331 /* Project object */;
}
